// !$*UTF8*$!
{
	archiveVersion = 1;
	classes = {
	};
	objectVersion = 46;
	objects = {

/* Begin PBXBuildFile section */
		4B1B4892194F87380029D2E0 /* PreferencesWindowController.m in Sources */ = {isa = PBXBuildFile; fileRef = 4B68F451194A7E2800B0F407 /* PreferencesWindowController.m */; };
		4B1B4893194F87440029D2E0 /* PreferencesWindowController.xib in Resources */ = {isa = PBXBuildFile; fileRef = 4B68F452194A7E2800B0F407 /* PreferencesWindowController.xib */; };
		4B1B4894194F874B0029D2E0 /* MainMenu.xib in Resources */ = {isa = PBXBuildFile; fileRef = 4BDE4233193F9D710055C487 /* MainMenu.xib */; };
		4B47F591194257E700C0150A /* PopoverMenulet.m in Sources */ = {isa = PBXBuildFile; fileRef = 4B47F590194257E700C0150A /* PopoverMenulet.m */; };
		4B68F44F194A106000B0F407 /* TrafficLight.m in Sources */ = {isa = PBXBuildFile; fileRef = 4B68F44E194A106000B0F407 /* TrafficLight.m */; };
		4B7F1B261940ECC70089411B /* PubnubSettings.m in Sources */ = {isa = PBXBuildFile; fileRef = 4B7F1B251940ECC70089411B /* PubnubSettings.m */; };
		4BDE422D193F9D710055C487 /* main.m in Sources */ = {isa = PBXBuildFile; fileRef = 4BDE422C193F9D710055C487 /* main.m */; };
		4BDE4230193F9D710055C487 /* AppDelegate.m in Sources */ = {isa = PBXBuildFile; fileRef = 4BDE422F193F9D710055C487 /* AppDelegate.m */; };
		4BDE4232193F9D710055C487 /* Images.xcassets in Resources */ = {isa = PBXBuildFile; fileRef = 4BDE4231193F9D710055C487 /* Images.xcassets */; };
		4BDE4241193F9D710055C487 /* MenuletTests.m in Sources */ = {isa = PBXBuildFile; fileRef = 4BDE4240193F9D710055C487 /* MenuletTests.m */; };
		4BDE4253193FC7B90055C487 /* PopoverController.m in Sources */ = {isa = PBXBuildFile; fileRef = 4BDE4251193FC7B90055C487 /* PopoverController.m */; };
		4BDE4254193FC7B90055C487 /* PopoverController.xib in Resources */ = {isa = PBXBuildFile; fileRef = 4BDE4252193FC7B90055C487 /* PopoverController.xib */; };
		E045ED1BD554436AACF15289 /* libPods-Menulet.a in Frameworks */ = {isa = PBXBuildFile; fileRef = CECF1D6F8E0343FEA3575711 /* libPods-Menulet.a */; };
/* End PBXBuildFile section */

/* Begin PBXContainerItemProxy section */
		4BDE423B193F9D710055C487 /* PBXContainerItemProxy */ = {
			isa = PBXContainerItemProxy;
			containerPortal = 4BDE421F193F9D710055C487 /* Project object */;
			proxyType = 1;
			remoteGlobalIDString = 4BDE4226193F9D710055C487;
			remoteInfo = Menulet;
		};
/* End PBXContainerItemProxy section */

/* Begin PBXFileReference section */
		4B47F58F194257E700C0150A /* PopoverMenulet.h */ = {isa = PBXFileReference; fileEncoding = 4; lastKnownFileType = sourcecode.c.h; path = PopoverMenulet.h; sourceTree = "<group>"; };
		4B47F590194257E700C0150A /* PopoverMenulet.m */ = {isa = PBXFileReference; fileEncoding = 4; lastKnownFileType = sourcecode.c.objc; path = PopoverMenulet.m; sourceTree = "<group>"; };
		4B68F44D194A106000B0F407 /* TrafficLight.h */ = {isa = PBXFileReference; fileEncoding = 4; lastKnownFileType = sourcecode.c.h; path = TrafficLight.h; sourceTree = "<group>"; };
		4B68F44E194A106000B0F407 /* TrafficLight.m */ = {isa = PBXFileReference; fileEncoding = 4; lastKnownFileType = sourcecode.c.objc; path = TrafficLight.m; sourceTree = "<group>"; };
		4B68F450194A7E2800B0F407 /* PreferencestWindowController.h */ = {isa = PBXFileReference; fileEncoding = 4; lastKnownFileType = sourcecode.c.h; path = PreferencestWindowController.h; sourceTree = "<group>"; };
		4B68F451194A7E2800B0F407 /* PreferencesWindowController.m */ = {isa = PBXFileReference; explicitFileType = sourcecode.c.objc; fileEncoding = 4; path = PreferencesWindowController.m; sourceTree = "<group>"; };
		4B68F452194A7E2800B0F407 /* PreferencesWindowController.xib */ = {isa = PBXFileReference; fileEncoding = 4; lastKnownFileType = file.xib; path = PreferencesWindowController.xib; sourceTree = "<group>"; };
		4B7F1B241940ECC70089411B /* PubnubSettings.h */ = {isa = PBXFileReference; fileEncoding = 4; lastKnownFileType = sourcecode.c.h; path = PubnubSettings.h; sourceTree = "<group>"; };
		4B7F1B251940ECC70089411B /* PubnubSettings.m */ = {isa = PBXFileReference; fileEncoding = 4; lastKnownFileType = sourcecode.c.objc; path = PubnubSettings.m; sourceTree = "<group>"; };
		4BDE4227193F9D710055C487 /* Menulet.app */ = {isa = PBXFileReference; explicitFileType = wrapper.application; includeInIndex = 0; path = Menulet.app; sourceTree = BUILT_PRODUCTS_DIR; };
		4BDE422B193F9D710055C487 /* Info.plist */ = {isa = PBXFileReference; lastKnownFileType = text.plist.xml; path = Info.plist; sourceTree = "<group>"; };
		4BDE422C193F9D710055C487 /* main.m */ = {isa = PBXFileReference; lastKnownFileType = sourcecode.c.objc; path = main.m; sourceTree = "<group>"; };
		4BDE422E193F9D710055C487 /* AppDelegate.h */ = {isa = PBXFileReference; lastKnownFileType = sourcecode.c.h; path = AppDelegate.h; sourceTree = "<group>"; };
		4BDE422F193F9D710055C487 /* AppDelegate.m */ = {isa = PBXFileReference; lastKnownFileType = sourcecode.c.objc; path = AppDelegate.m; sourceTree = "<group>"; };
		4BDE4231193F9D710055C487 /* Images.xcassets */ = {isa = PBXFileReference; lastKnownFileType = folder.assetcatalog; path = Images.xcassets; sourceTree = "<group>"; };
		4BDE4234193F9D710055C487 /* Base */ = {isa = PBXFileReference; lastKnownFileType = file.xib; name = Base; path = Base.lproj/MainMenu.xib; sourceTree = "<group>"; };
		4BDE423A193F9D710055C487 /* MenuletTests.xctest */ = {isa = PBXFileReference; explicitFileType = wrapper.cfbundle; includeInIndex = 0; path = MenuletTests.xctest; sourceTree = BUILT_PRODUCTS_DIR; };
		4BDE423F193F9D710055C487 /* Info.plist */ = {isa = PBXFileReference; lastKnownFileType = text.plist.xml; path = Info.plist; sourceTree = "<group>"; };
		4BDE4240193F9D710055C487 /* MenuletTests.m */ = {isa = PBXFileReference; lastKnownFileType = sourcecode.c.objc; path = MenuletTests.m; sourceTree = "<group>"; };
		4BDE4250193FC7B90055C487 /* PopoverController.h */ = {isa = PBXFileReference; fileEncoding = 4; lastKnownFileType = sourcecode.c.h; path = PopoverController.h; sourceTree = "<group>"; };
		4BDE4251193FC7B90055C487 /* PopoverController.m */ = {isa = PBXFileReference; fileEncoding = 4; lastKnownFileType = sourcecode.c.objc; path = PopoverController.m; sourceTree = "<group>"; };
		4BDE4252193FC7B90055C487 /* PopoverController.xib */ = {isa = PBXFileReference; fileEncoding = 4; lastKnownFileType = file.xib; path = PopoverController.xib; sourceTree = "<group>"; };
		8BDCB691668547CEB0B49D0C /* Pods-Menulet.xcconfig */ = {isa = PBXFileReference; includeInIndex = 1; lastKnownFileType = text.xcconfig; name = "Pods-Menulet.xcconfig"; path = "../Pods/Pods-Menulet.xcconfig"; sourceTree = "<group>"; };
		CECF1D6F8E0343FEA3575711 /* libPods-Menulet.a */ = {isa = PBXFileReference; explicitFileType = archive.ar; includeInIndex = 0; path = "libPods-Menulet.a"; sourceTree = BUILT_PRODUCTS_DIR; };
/* End PBXFileReference section */

/* Begin PBXFrameworksBuildPhase section */
		4BDE4224193F9D710055C487 /* Frameworks */ = {
			isa = PBXFrameworksBuildPhase;
			buildActionMask = 2147483647;
			files = (
				E045ED1BD554436AACF15289 /* libPods-Menulet.a in Frameworks */,
			);
			runOnlyForDeploymentPostprocessing = 0;
		};
		4BDE4237193F9D710055C487 /* Frameworks */ = {
			isa = PBXFrameworksBuildPhase;
			buildActionMask = 2147483647;
			files = (
			);
			runOnlyForDeploymentPostprocessing = 0;
		};
/* End PBXFrameworksBuildPhase section */

/* Begin PBXGroup section */
		4BDE421E193F9D710055C487 = {
			isa = PBXGroup;
			children = (
				4BDE4229193F9D710055C487 /* Menulet */,
				4BDE423D193F9D710055C487 /* MenuletTests */,
				4BDE4228193F9D710055C487 /* Products */,
				8BDCB691668547CEB0B49D0C /* Pods-Menulet.xcconfig */,
				521F601EF2694D08B17CD43D /* Frameworks */,
			);
			sourceTree = "<group>";
		};
		4BDE4228193F9D710055C487 /* Products */ = {
			isa = PBXGroup;
			children = (
				4BDE4227193F9D710055C487 /* Menulet.app */,
				4BDE423A193F9D710055C487 /* MenuletTests.xctest */,
			);
			name = Products;
			sourceTree = "<group>";
		};
		4BDE4229193F9D710055C487 /* Menulet */ = {
			isa = PBXGroup;
			children = (
				4BDE422E193F9D710055C487 /* AppDelegate.h */,
				4BDE422F193F9D710055C487 /* AppDelegate.m */,
				4BDE4231193F9D710055C487 /* Images.xcassets */,
				4BDE4233193F9D710055C487 /* MainMenu.xib */,
				4BDE422A193F9D710055C487 /* Supporting Files */,
				4BDE4250193FC7B90055C487 /* PopoverController.h */,
				4BDE4251193FC7B90055C487 /* PopoverController.m */,
				4BDE4252193FC7B90055C487 /* PopoverController.xib */,
				4B7F1B241940ECC70089411B /* PubnubSettings.h */,
				4B7F1B251940ECC70089411B /* PubnubSettings.m */,
				4B47F58F194257E700C0150A /* PopoverMenulet.h */,
				4B47F590194257E700C0150A /* PopoverMenulet.m */,
				4B68F44D194A106000B0F407 /* TrafficLight.h */,
				4B68F44E194A106000B0F407 /* TrafficLight.m */,
				4B68F450194A7E2800B0F407 /* PreferencestWindowController.h */,
				4B68F451194A7E2800B0F407 /* PreferencesWindowController.m */,
				4B68F452194A7E2800B0F407 /* PreferencesWindowController.xib */,
			);
			path = Menulet;
			sourceTree = "<group>";
		};
		4BDE422A193F9D710055C487 /* Supporting Files */ = {
			isa = PBXGroup;
			children = (
				4BDE422B193F9D710055C487 /* Info.plist */,
				4BDE422C193F9D710055C487 /* main.m */,
			);
			name = "Supporting Files";
			sourceTree = "<group>";
		};
		4BDE423D193F9D710055C487 /* MenuletTests */ = {
			isa = PBXGroup;
			children = (
				4BDE4240193F9D710055C487 /* MenuletTests.m */,
				4BDE423E193F9D710055C487 /* Supporting Files */,
			);
			path = MenuletTests;
			sourceTree = "<group>";
		};
		4BDE423E193F9D710055C487 /* Supporting Files */ = {
			isa = PBXGroup;
			children = (
				4BDE423F193F9D710055C487 /* Info.plist */,
			);
			name = "Supporting Files";
			sourceTree = "<group>";
		};
		521F601EF2694D08B17CD43D /* Frameworks */ = {
			isa = PBXGroup;
			children = (
				CECF1D6F8E0343FEA3575711 /* libPods-Menulet.a */,
			);
			name = Frameworks;
			sourceTree = "<group>";
		};
/* End PBXGroup section */

/* Begin PBXNativeTarget section */
		4BDE4226193F9D710055C487 /* Menulet */ = {
			isa = PBXNativeTarget;
			buildConfigurationList = 4BDE4244193F9D710055C487 /* Build configuration list for PBXNativeTarget "Menulet" */;
			buildPhases = (
				558DA42576F94EFAA33DD6B5 /* Check Pods Manifest.lock */,
				4BDE4223193F9D710055C487 /* Sources */,
				4BDE4224193F9D710055C487 /* Frameworks */,
				4BDE4225193F9D710055C487 /* Resources */,
				5963D76FAA93460DB451EEE1 /* Copy Pods Resources */,
			);
			buildRules = (
			);
			dependencies = (
			);
			name = Menulet;
			productName = Menulet;
			productReference = 4BDE4227193F9D710055C487 /* Menulet.app */;
			productType = "com.apple.product-type.application";
		};
		4BDE4239193F9D710055C487 /* MenuletTests */ = {
			isa = PBXNativeTarget;
			buildConfigurationList = 4BDE4247193F9D710055C487 /* Build configuration list for PBXNativeTarget "MenuletTests" */;
			buildPhases = (
				4BDE4236193F9D710055C487 /* Sources */,
				4BDE4237193F9D710055C487 /* Frameworks */,
				4BDE4238193F9D710055C487 /* Resources */,
			);
			buildRules = (
			);
			dependencies = (
				4BDE423C193F9D710055C487 /* PBXTargetDependency */,
			);
			name = MenuletTests;
			productName = MenuletTests;
			productReference = 4BDE423A193F9D710055C487 /* MenuletTests.xctest */;
			productType = "com.apple.product-type.bundle.unit-test";
		};
/* End PBXNativeTarget section */

/* Begin PBXProject section */
		4BDE421F193F9D710055C487 /* Project object */ = {
			isa = PBXProject;
			attributes = {
				LastUpgradeCheck = 0600;
				ORGANIZATIONNAME = "Jasdeep Jaitla";
				TargetAttributes = {
					4BDE4226193F9D710055C487 = {
						CreatedOnToolsVersion = 6.0;
						DevelopmentTeam = 5G9XC2C6F8;
					};
					4BDE4239193F9D710055C487 = {
						CreatedOnToolsVersion = 6.0;
						TestTargetID = 4BDE4226193F9D710055C487;
					};
				};
			};
			buildConfigurationList = 4BDE4222193F9D710055C487 /* Build configuration list for PBXProject "Menulet" */;
			compatibilityVersion = "Xcode 3.2";
			developmentRegion = English;
			hasScannedForEncodings = 0;
			knownRegions = (
				en,
				Base,
			);
			mainGroup = 4BDE421E193F9D710055C487;
			productRefGroup = 4BDE4228193F9D710055C487 /* Products */;
			projectDirPath = "";
			projectRoot = "";
			targets = (
				4BDE4226193F9D710055C487 /* Menulet */,
				4BDE4239193F9D710055C487 /* MenuletTests */,
			);
		};
/* End PBXProject section */

/* Begin PBXResourcesBuildPhase section */
		4BDE4225193F9D710055C487 /* Resources */ = {
			isa = PBXResourcesBuildPhase;
			buildActionMask = 2147483647;
			files = (
				4B1B4893194F87440029D2E0 /* PreferencesWindowController.xib in Resources */,
				4BDE4254193FC7B90055C487 /* PopoverController.xib in Resources */,
				4BDE4232193F9D710055C487 /* Images.xcassets in Resources */,
				4B1B4894194F874B0029D2E0 /* MainMenu.xib in Resources */,
			);
			runOnlyForDeploymentPostprocessing = 0;
		};
		4BDE4238193F9D710055C487 /* Resources */ = {
			isa = PBXResourcesBuildPhase;
			buildActionMask = 2147483647;
			files = (
			);
			runOnlyForDeploymentPostprocessing = 0;
		};
/* End PBXResourcesBuildPhase section */

/* Begin PBXShellScriptBuildPhase section */
		558DA42576F94EFAA33DD6B5 /* Check Pods Manifest.lock */ = {
			isa = PBXShellScriptBuildPhase;
			buildActionMask = 2147483647;
			files = (
			);
			inputPaths = (
			);
			name = "Check Pods Manifest.lock";
			outputPaths = (
			);
			runOnlyForDeploymentPostprocessing = 0;
			shellPath = /bin/sh;
			shellScript = "diff \"${PODS_ROOT}/../Podfile.lock\" \"${PODS_ROOT}/Manifest.lock\" > /dev/null\nif [[ $? != 0 ]] ; then\n    cat << EOM\nerror: The sandbox is not in sync with the Podfile.lock. Run 'pod install' or update your CocoaPods installation.\nEOM\n    exit 1\nfi\n";
			showEnvVarsInLog = 0;
		};
		5963D76FAA93460DB451EEE1 /* Copy Pods Resources */ = {
			isa = PBXShellScriptBuildPhase;
			buildActionMask = 2147483647;
			files = (
			);
			inputPaths = (
			);
			name = "Copy Pods Resources";
			outputPaths = (
			);
			runOnlyForDeploymentPostprocessing = 0;
			shellPath = /bin/sh;
			shellScript = "\"${SRCROOT}/../Pods/Pods-Menulet-resources.sh\"\n";
			showEnvVarsInLog = 0;
		};
/* End PBXShellScriptBuildPhase section */

/* Begin PBXSourcesBuildPhase section */
		4BDE4223193F9D710055C487 /* Sources */ = {
			isa = PBXSourcesBuildPhase;
			buildActionMask = 2147483647;
			files = (
				4B1B4892194F87380029D2E0 /* PreferencesWindowController.m in Sources */,
				4B7F1B261940ECC70089411B /* PubnubSettings.m in Sources */,
				4B47F591194257E700C0150A /* PopoverMenulet.m in Sources */,
				4B68F44F194A106000B0F407 /* TrafficLight.m in Sources */,
				4BDE4253193FC7B90055C487 /* PopoverController.m in Sources */,
				4BDE4230193F9D710055C487 /* AppDelegate.m in Sources */,
				4BDE422D193F9D710055C487 /* main.m in Sources */,
			);
			runOnlyForDeploymentPostprocessing = 0;
		};
		4BDE4236193F9D710055C487 /* Sources */ = {
			isa = PBXSourcesBuildPhase;
			buildActionMask = 2147483647;
			files = (
				4BDE4241193F9D710055C487 /* MenuletTests.m in Sources */,
			);
			runOnlyForDeploymentPostprocessing = 0;
		};
/* End PBXSourcesBuildPhase section */

/* Begin PBXTargetDependency section */
		4BDE423C193F9D710055C487 /* PBXTargetDependency */ = {
			isa = PBXTargetDependency;
			target = 4BDE4226193F9D710055C487 /* Menulet */;
			targetProxy = 4BDE423B193F9D710055C487 /* PBXContainerItemProxy */;
		};
/* End PBXTargetDependency section */

/* Begin PBXVariantGroup section */
		4BDE4233193F9D710055C487 /* MainMenu.xib */ = {
			isa = PBXVariantGroup;
			children = (
				4BDE4234193F9D710055C487 /* Base */,
			);
			name = MainMenu.xib;
			sourceTree = "<group>";
		};
/* End PBXVariantGroup section */

/* Begin XCBuildConfiguration section */
		4BDE4242193F9D710055C487 /* Debug */ = {
			isa = XCBuildConfiguration;
			buildSettings = {
				ALWAYS_SEARCH_USER_PATHS = NO;
				CLANG_CXX_LANGUAGE_STANDARD = "gnu++0x";
				CLANG_CXX_LIBRARY = "libc++";
				CLANG_ENABLE_MODULES = YES;
				CLANG_ENABLE_OBJC_ARC = YES;
				CLANG_WARN_BOOL_CONVERSION = YES;
				CLANG_WARN_CONSTANT_CONVERSION = YES;
				CLANG_WARN_DIRECT_OBJC_ISA_USAGE = YES_ERROR;
				CLANG_WARN_EMPTY_BODY = YES;
				CLANG_WARN_ENUM_CONVERSION = YES;
				CLANG_WARN_INT_CONVERSION = YES;
				CLANG_WARN_OBJC_ROOT_CLASS = YES_ERROR;
				CLANG_WARN_UNREACHABLE_CODE = YES;
				CLANG_WARN__DUPLICATE_METHOD_MATCH = YES;
				CODE_SIGN_IDENTITY = "-";
				COPY_PHASE_STRIP = NO;
				ENABLE_STRICT_OBJC_MSGSEND = YES;
				GCC_C_LANGUAGE_STANDARD = gnu99;
				GCC_DYNAMIC_NO_PIC = NO;
				GCC_OPTIMIZATION_LEVEL = 0;
				GCC_PREPROCESSOR_DEFINITIONS = (
					"DEBUG=1",
					"$(inherited)",
				);
				GCC_SYMBOLS_PRIVATE_EXTERN = NO;
				GCC_WARN_64_TO_32_BIT_CONVERSION = YES;
				GCC_WARN_ABOUT_RETURN_TYPE = YES_ERROR;
				GCC_WARN_UNDECLARED_SELECTOR = YES;
				GCC_WARN_UNINITIALIZED_AUTOS = YES_AGGRESSIVE;
				GCC_WARN_UNUSED_FUNCTION = YES;
				GCC_WARN_UNUSED_VARIABLE = YES;
				MACOSX_DEPLOYMENT_TARGET = 10.9;
				METAL_ENABLE_DEBUG_INFO = YES;
				ONLY_ACTIVE_ARCH = YES;
				SDKROOT = macosx;
			};
			name = Debug;
		};
		4BDE4243193F9D710055C487 /* Release */ = {
			isa = XCBuildConfiguration;
			buildSettings = {
				ALWAYS_SEARCH_USER_PATHS = NO;
				CLANG_CXX_LANGUAGE_STANDARD = "gnu++0x";
				CLANG_CXX_LIBRARY = "libc++";
				CLANG_ENABLE_MODULES = YES;
				CLANG_ENABLE_OBJC_ARC = YES;
				CLANG_WARN_BOOL_CONVERSION = YES;
				CLANG_WARN_CONSTANT_CONVERSION = YES;
				CLANG_WARN_DIRECT_OBJC_ISA_USAGE = YES_ERROR;
				CLANG_WARN_EMPTY_BODY = YES;
				CLANG_WARN_ENUM_CONVERSION = YES;
				CLANG_WARN_INT_CONVERSION = YES;
				CLANG_WARN_OBJC_ROOT_CLASS = YES_ERROR;
				CLANG_WARN_UNREACHABLE_CODE = YES;
				CLANG_WARN__DUPLICATE_METHOD_MATCH = YES;
				CODE_SIGN_IDENTITY = "-";
				COPY_PHASE_STRIP = YES;
				DEBUG_INFORMATION_FORMAT = "dwarf-with-dsym";
				ENABLE_NS_ASSERTIONS = NO;
				ENABLE_STRICT_OBJC_MSGSEND = YES;
				GCC_C_LANGUAGE_STANDARD = gnu99;
				GCC_WARN_64_TO_32_BIT_CONVERSION = YES;
				GCC_WARN_ABOUT_RETURN_TYPE = YES_ERROR;
				GCC_WARN_UNDECLARED_SELECTOR = YES;
				GCC_WARN_UNINITIALIZED_AUTOS = YES_AGGRESSIVE;
				GCC_WARN_UNUSED_FUNCTION = YES;
				GCC_WARN_UNUSED_VARIABLE = YES;
				MACOSX_DEPLOYMENT_TARGET = 10.9;
				METAL_ENABLE_DEBUG_INFO = NO;
				SDKROOT = macosx;
			};
			name = Release;
		};
		4BDE4245193F9D710055C487 /* Debug */ = {
			isa = XCBuildConfiguration;
			baseConfigurationReference = 8BDCB691668547CEB0B49D0C /* Pods-Menulet.xcconfig */;
			buildSettings = {
				ASSETCATALOG_COMPILER_APPICON_NAME = "Mac App Icons";
				CODE_SIGN_IDENTITY = "Mac Developer";
				"CODE_SIGN_IDENTITY[sdk=macosx*]" = "Mac Developer";
				COMBINE_HIDPI_IMAGES = YES;
				INFOPLIST_FILE = Menulet/Info.plist;
				LD_RUNPATH_SEARCH_PATHS = "$(inherited) @executable_path/../Frameworks";
				PRODUCT_NAME = "$(TARGET_NAME)";
				PROVISIONING_PROFILE = "";
			};
			name = Debug;
		};
		4BDE4246193F9D710055C487 /* Release */ = {
			isa = XCBuildConfiguration;
			baseConfigurationReference = 8BDCB691668547CEB0B49D0C /* Pods-Menulet.xcconfig */;
			buildSettings = {
				ASSETCATALOG_COMPILER_APPICON_NAME = "Mac App Icons";
				CODE_SIGN_IDENTITY = "Mac Developer";
				"CODE_SIGN_IDENTITY[sdk=macosx*]" = "Mac Developer";
				COMBINE_HIDPI_IMAGES = YES;
				INFOPLIST_FILE = Menulet/Info.plist;
				LD_RUNPATH_SEARCH_PATHS = "$(inherited) @executable_path/../Frameworks";
				PRODUCT_NAME = "$(TARGET_NAME)";
				PROVISIONING_PROFILE = "";
			};
			name = Release;
		};
		4BDE4248193F9D710055C487 /* Debug */ = {
			isa = XCBuildConfiguration;
			buildSettings = {
				BUNDLE_LOADER = "$(BUILT_PRODUCTS_DIR)/Menulet.app/Contents/MacOS/Menulet";
				COMBINE_HIDPI_IMAGES = YES;
				FRAMEWORK_SEARCH_PATHS = (
					"$(DEVELOPER_FRAMEWORKS_DIR)",
					"$(inherited)",
				);
				GCC_PREPROCESSOR_DEFINITIONS = (
					"DEBUG=1",
					"$(inherited)",
				);
				INFOPLIST_FILE = MenuletTests/Info.plist;
				LD_RUNPATH_SEARCH_PATHS = "$(inherited) @executable_path/../Frameworks @loader_path/../Frameworks";
				METAL_ENABLE_DEBUG_INFO = YES;
				PRODUCT_NAME = "$(TARGET_NAME)";
				TEST_HOST = "$(BUNDLE_LOADER)";
			};
			name = Debug;
		};
		4BDE4249193F9D710055C487 /* Release */ = {
			isa = XCBuildConfiguration;
			buildSettings = {
				BUNDLE_LOADER = "$(BUILT_PRODUCTS_DIR)/Menulet.app/Contents/MacOS/Menulet";
				COMBINE_HIDPI_IMAGES = YES;
				FRAMEWORK_SEARCH_PATHS = (
					"$(DEVELOPER_FRAMEWORKS_DIR)",
					"$(inherited)",
				);
				INFOPLIST_FILE = MenuletTests/Info.plist;
				LD_RUNPATH_SEARCH_PATHS = "$(inherited) @executable_path/../Frameworks @loader_path/../Frameworks";
				METAL_ENABLE_DEBUG_INFO = NO;
				PRODUCT_NAME = "$(TARGET_NAME)";
				TEST_HOST = "$(BUNDLE_LOADER)";
			};
			name = Release;
		};
/* End XCBuildConfiguration section */

/* Begin XCConfigurationList section */
		4BDE4222193F9D710055C487 /* Build configuration list for PBXProject "Menulet" */ = {
			isa = XCConfigurationList;
			buildConfigurations = (
				4BDE4242193F9D710055C487 /* Debug */,
				4BDE4243193F9D710055C487 /* Release */,
			);
			defaultConfigurationIsVisible = 0;
			defaultConfigurationName = Release;
		};
		4BDE4244193F9D710055C487 /* Build configuration list for PBXNativeTarget "Menulet" */ = {
			isa = XCConfigurationList;
			buildConfigurations = (
				4BDE4245193F9D710055C487 /* Debug */,
				4BDE4246193F9D710055C487 /* Release */,
			);
			defaultConfigurationIsVisible = 0;
			defaultConfigurationName = Release;
		};
		4BDE4247193F9D710055C487 /* Build configuration list for PBXNativeTarget "MenuletTests" */ = {
			isa = XCConfigurationList;
			buildConfigurations = (
				4BDE4248193F9D710055C487 /* Debug */,
				4BDE4249193F9D710055C487 /* Release */,
			);
			defaultConfigurationIsVisible = 0;
			defaultConfigurationName = Release;
		};
/* End XCConfigurationList section */
	};
	rootObject = 4BDE421F193F9D710055C487 /* Project object */;
}
